// !$*UTF8*$!
{
	archiveVersion = 1;
	classes = {
	};
	objectVersion = 46;
	objects = {

/* Begin PBXBuildFile section */
		D4FAF3801D01C199002AB781 /* main.m in Sources */ = {isa = PBXBuildFile; fileRef = D4FAF37F1D01C199002AB781 /* main.m */; };
		D4FAF3831D01C199002AB781 /* AppDelegate.m in Sources */ = {isa = PBXBuildFile; fileRef = D4FAF3821D01C199002AB781 /* AppDelegate.m */; };
		D4FAF3861D01C199002AB781 /* ViewController.m in Sources */ = {isa = PBXBuildFile; fileRef = D4FAF3851D01C199002AB781 /* ViewController.m */; };
		D4FAF3891D01C199002AB781 /* Main.storyboard in Resources */ = {isa = PBXBuildFile; fileRef = D4FAF3871D01C199002AB781 /* Main.storyboard */; };
		D4FAF38B1D01C199002AB781 /* Assets.xcassets in Resources */ = {isa = PBXBuildFile; fileRef = D4FAF38A1D01C199002AB781 /* Assets.xcassets */; };
		D4FAF38E1D01C199002AB781 /* LaunchScreen.storyboard in Resources */ = {isa = PBXBuildFile; fileRef = D4FAF38C1D01C199002AB781 /* LaunchScreen.storyboard */; };
		D4FAF3971D01C535002AB781 /* HabitTableViewController.m in Sources */ = {isa = PBXBuildFile; fileRef = D4FAF3961D01C535002AB781 /* HabitTableViewController.m */; };
		D4FAF39A1D01C65F002AB781 /* Habit.m in Sources */ = {isa = PBXBuildFile; fileRef = D4FAF3991D01C65F002AB781 /* Habit.m */; };
/* End PBXBuildFile section */

/* Begin PBXFileReference section */
		D4FAF37B1D01C199002AB781 /* HabitTracker.app */ = {isa = PBXFileReference; explicitFileType = wrapper.application; includeInIndex = 0; path = HabitTracker.app; sourceTree = BUILT_PRODUCTS_DIR; };
		D4FAF37F1D01C199002AB781 /* main.m */ = {isa = PBXFileReference; lastKnownFileType = sourcecode.c.objc; path = main.m; sourceTree = "<group>"; };
		D4FAF3811D01C199002AB781 /* AppDelegate.h */ = {isa = PBXFileReference; lastKnownFileType = sourcecode.c.h; path = AppDelegate.h; sourceTree = "<group>"; };
		D4FAF3821D01C199002AB781 /* AppDelegate.m */ = {isa = PBXFileReference; lastKnownFileType = sourcecode.c.objc; path = AppDelegate.m; sourceTree = "<group>"; };
		D4FAF3841D01C199002AB781 /* ViewController.h */ = {isa = PBXFileReference; lastKnownFileType = sourcecode.c.h; path = ViewController.h; sourceTree = "<group>"; };
		D4FAF3851D01C199002AB781 /* ViewController.m */ = {isa = PBXFileReference; lastKnownFileType = sourcecode.c.objc; path = ViewController.m; sourceTree = "<group>"; };
		D4FAF3881D01C199002AB781 /* Base */ = {isa = PBXFileReference; lastKnownFileType = file.storyboard; name = Base; path = Base.lproj/Main.storyboard; sourceTree = "<group>"; };
		D4FAF38A1D01C199002AB781 /* Assets.xcassets */ = {isa = PBXFileReference; lastKnownFileType = folder.assetcatalog; path = Assets.xcassets; sourceTree = "<group>"; };
		D4FAF38D1D01C199002AB781 /* Base */ = {isa = PBXFileReference; lastKnownFileType = file.storyboard; name = Base; path = Base.lproj/LaunchScreen.storyboard; sourceTree = "<group>"; };
		D4FAF38F1D01C199002AB781 /* Info.plist */ = {isa = PBXFileReference; lastKnownFileType = text.plist.xml; path = Info.plist; sourceTree = "<group>"; };
		D4FAF3951D01C535002AB781 /* HabitTableViewController.h */ = {isa = PBXFileReference; fileEncoding = 4; lastKnownFileType = sourcecode.c.h; path = HabitTableViewController.h; sourceTree = "<group>"; };
		D4FAF3961D01C535002AB781 /* HabitTableViewController.m */ = {isa = PBXFileReference; fileEncoding = 4; lastKnownFileType = sourcecode.c.objc; path = HabitTableViewController.m; sourceTree = "<group>"; };
		D4FAF3981D01C65F002AB781 /* Habit.h */ = {isa = PBXFileReference; fileEncoding = 4; lastKnownFileType = sourcecode.c.h; path = Habit.h; sourceTree = "<group>"; };
		D4FAF3991D01C65F002AB781 /* Habit.m */ = {isa = PBXFileReference; fileEncoding = 4; lastKnownFileType = sourcecode.c.objc; path = Habit.m; sourceTree = "<group>"; };
/* End PBXFileReference section */

/* Begin PBXFrameworksBuildPhase section */
		D4FAF3781D01C199002AB781 /* Frameworks */ = {
			isa = PBXFrameworksBuildPhase;
			buildActionMask = 2147483647;
			files = (
			);
			runOnlyForDeploymentPostprocessing = 0;
		};
/* End PBXFrameworksBuildPhase section */

/* Begin PBXGroup section */
		D4FAF3721D01C199002AB781 = {
			isa = PBXGroup;
			children = (
				D4FAF37D1D01C199002AB781 /* HabitTracker */,
				D4FAF37C1D01C199002AB781 /* Products */,
			);
			sourceTree = "<group>";
		};
		D4FAF37C1D01C199002AB781 /* Products */ = {
			isa = PBXGroup;
			children = (
				D4FAF37B1D01C199002AB781 /* HabitTracker.app */,
			);
			name = Products;
			sourceTree = "<group>";
		};
		D4FAF37D1D01C199002AB781 /* HabitTracker */ = {
			isa = PBXGroup;
			children = (
				D4FAF3981D01C65F002AB781 /* Habit.h */,
				D4FAF3991D01C65F002AB781 /* Habit.m */,
				D4FAF3811D01C199002AB781 /* AppDelegate.h */,
				D4FAF3821D01C199002AB781 /* AppDelegate.m */,
				D4FAF3841D01C199002AB781 /* ViewController.h */,
				D4FAF3851D01C199002AB781 /* ViewController.m */,
				D4FAF3951D01C535002AB781 /* HabitTableViewController.h */,
				D4FAF3961D01C535002AB781 /* HabitTableViewController.m */,
				D4FAF3871D01C199002AB781 /* Main.storyboard */,
				D4FAF38A1D01C199002AB781 /* Assets.xcassets */,
				D4FAF38C1D01C199002AB781 /* LaunchScreen.storyboard */,
				D4FAF38F1D01C199002AB781 /* Info.plist */,
				D4FAF37E1D01C199002AB781 /* Supporting Files */,
			);
			path = HabitTracker;
			sourceTree = "<group>";
		};
		D4FAF37E1D01C199002AB781 /* Supporting Files */ = {
			isa = PBXGroup;
			children = (
				D4FAF37F1D01C199002AB781 /* main.m */,
			);
			name = "Supporting Files";
			sourceTree = "<group>";
		};
/* End PBXGroup section */

/* Begin PBXNativeTarget section */
		D4FAF37A1D01C199002AB781 /* HabitTracker */ = {
			isa = PBXNativeTarget;
			buildConfigurationList = D4FAF3921D01C199002AB781 /* Build configuration list for PBXNativeTarget "HabitTracker" */;
			buildPhases = (
				D4FAF3771D01C199002AB781 /* Sources */,
				D4FAF3781D01C199002AB781 /* Frameworks */,
				D4FAF3791D01C199002AB781 /* Resources */,
			);
			buildRules = (
			);
			dependencies = (
			);
			name = HabitTracker;
			productName = HabitTracker;
			productReference = D4FAF37B1D01C199002AB781 /* HabitTracker.app */;
			productType = "com.apple.product-type.application";
		};
/* End PBXNativeTarget section */

/* Begin PBXProject section */
		D4FAF3731D01C199002AB781 /* Project object */ = {
			isa = PBXProject;
			attributes = {
				LastUpgradeCheck = 0730;
				ORGANIZATIONNAME = "Detroit Labs";
				TargetAttributes = {
					D4FAF37A1D01C199002AB781 = {
						CreatedOnToolsVersion = 7.3.1;
					};
				};
			};
			buildConfigurationList = D4FAF3761D01C199002AB781 /* Build configuration list for PBXProject "HabitTracker" */;
			compatibilityVersion = "Xcode 3.2";
			developmentRegion = English;
			hasScannedForEncodings = 0;
			knownRegions = (
				en,
				Base,
			);
			mainGroup = D4FAF3721D01C199002AB781;
			productRefGroup = D4FAF37C1D01C199002AB781 /* Products */;
			projectDirPath = "";
			projectRoot = "";
			targets = (
				D4FAF37A1D01C199002AB781 /* HabitTracker */,
			);
		};
/* End PBXProject section */

/* Begin PBXResourcesBuildPhase section */
		D4FAF3791D01C199002AB781 /* Resources */ = {
			isa = PBXResourcesBuildPhase;
			buildActionMask = 2147483647;
			files = (
				D4FAF38E1D01C199002AB781 /* LaunchScreen.storyboard in Resources */,
				D4FAF38B1D01C199002AB781 /* Assets.xcassets in Resources */,
				D4FAF3891D01C199002AB781 /* Main.storyboard in Resources */,
			);
			runOnlyForDeploymentPostprocessing = 0;
		};
/* End PBXResourcesBuildPhase section */

/* Begin PBXSourcesBuildPhase section */
		D4FAF3771D01C199002AB781 /* Sources */ = {
			isa = PBXSourcesBuildPhase;
			buildActionMask = 2147483647;
			files = (
				D4FAF39A1D01C65F002AB781 /* Habit.m in Sources */,
				D4FAF3971D01C535002AB781 /* HabitTableViewController.m in Sources */,
				D4FAF3861D01C199002AB781 /* ViewController.m in Sources */,
				D4FAF3831D01C199002AB781 /* AppDelegate.m in Sources */,
				D4FAF3801D01C199002AB781 /* main.m in Sources */,
			);
			runOnlyForDeploymentPostprocessing = 0;
		};
/* End PBXSourcesBuildPhase section */

/* Begin PBXVariantGroup section */
		D4FAF3871D01C199002AB781 /* Main.storyboard */ = {
			isa = PBXVariantGroup;
			children = (
				D4FAF3881D01C199002AB781 /* Base */,
			);
			name = Main.storyboard;
			sourceTree = "<group>";
		};
		D4FAF38C1D01C199002AB781 /* LaunchScreen.storyboard */ = {
			isa = PBXVariantGroup;
			children = (
				D4FAF38D1D01C199002AB781 /* Base */,
			);
			name = LaunchScreen.storyboard;
			sourceTree = "<group>";
		};
/* End PBXVariantGroup section */

/* Begin XCBuildConfiguration section */
		D4FAF3901D01C199002AB781 /* Debug */ = {
			isa = XCBuildConfiguration;
			buildSettings = {
				ALWAYS_SEARCH_USER_PATHS = NO;
				CLANG_ANALYZER_NONNULL = YES;
				CLANG_CXX_LANGUAGE_STANDARD = "gnu++0x";
				CLANG_CXX_LIBRARY = "libc++";
				CLANG_ENABLE_MODULES = YES;
				CLANG_ENABLE_OBJC_ARC = YES;
				CLANG_WARN_BOOL_CONVERSION = YES;
				CLANG_WARN_CONSTANT_CONVERSION = YES;
				CLANG_WARN_DIRECT_OBJC_ISA_USAGE = YES_ERROR;
				CLANG_WARN_EMPTY_BODY = YES;
				CLANG_WARN_ENUM_CONVERSION = YES;
				CLANG_WARN_INT_CONVERSION = YES;
				CLANG_WARN_OBJC_ROOT_CLASS = YES_ERROR;
				CLANG_WARN_UNREACHABLE_CODE = YES;
				CLANG_WARN__DUPLICATE_METHOD_MATCH = YES;
				"CODE_SIGN_IDENTITY[sdk=iphoneos*]" = "iPhone Developer";
				COPY_PHASE_STRIP = NO;
				DEBUG_INFORMATION_FORMAT = dwarf;
				ENABLE_STRICT_OBJC_MSGSEND = YES;
				ENABLE_TESTABILITY = YES;
				GCC_C_LANGUAGE_STANDARD = gnu99;
				GCC_DYNAMIC_NO_PIC = NO;
				GCC_NO_COMMON_BLOCKS = YES;
				GCC_OPTIMIZATION_LEVEL = 0;
				GCC_PREPROCESSOR_DEFINITIONS = (
					"DEBUG=1",
					"$(inherited)",
				);
				GCC_WARN_64_TO_32_BIT_CONVERSION = YES;
				GCC_WARN_ABOUT_RETURN_TYPE = YES_ERROR;
				GCC_WARN_UNDECLARED_SELECTOR = YES;
				GCC_WARN_UNINITIALIZED_AUTOS = YES_AGGRESSIVE;
				GCC_WARN_UNUSED_FUNCTION = YES;
				GCC_WARN_UNUSED_VARIABLE = YES;
				IPHONEOS_DEPLOYMENT_TARGET = 9.3;
				MTL_ENABLE_DEBUG_INFO = YES;
				ONLY_ACTIVE_ARCH = YES;
				SDKROOT = iphoneos;
			};
			name = Debug;
		};
		D4FAF3911D01C199002AB781 /* Release */ = {
			isa = XCBuildConfiguration;
			buildSettings = {
				ALWAYS_SEARCH_USER_PATHS = NO;
				CLANG_ANALYZER_NONNULL = YES;
				CLANG_CXX_LANGUAGE_STANDARD = "gnu++0x";
				CLANG_CXX_LIBRARY = "libc++";
				CLANG_ENABLE_MODULES = YES;
				CLANG_ENABLE_OBJC_ARC = YES;
				CLANG_WARN_BOOL_CONVERSION = YES;
				CLANG_WARN_CONSTANT_CONVERSION = YES;
				CLANG_WARN_DIRECT_OBJC_ISA_USAGE = YES_ERROR;
				CLANG_WARN_EMPTY_BODY = YES;
				CLANG_WARN_ENUM_CONVERSION = YES;
				CLANG_WARN_INT_CONVERSION = YES;
				CLANG_WARN_OBJC_ROOT_CLASS = YES_ERROR;
				CLANG_WARN_UNREACHABLE_CODE = YES;
				CLANG_WARN__DUPLICATE_METHOD_MATCH = YES;
				"CODE_SIGN_IDENTITY[sdk=iphoneos*]" = "iPhone Developer";
				COPY_PHASE_STRIP = NO;
				DEBUG_INFORMATION_FORMAT = "dwarf-with-dsym";
				ENABLE_NS_ASSERTIONS = NO;
				ENABLE_STRICT_OBJC_MSGSEND = YES;
				GCC_C_LANGUAGE_STANDARD = gnu99;
				GCC_NO_COMMON_BLOCKS = YES;
				GCC_WARN_64_TO_32_BIT_CONVERSION = YES;
				GCC_WARN_ABOUT_RETURN_TYPE = YES_ERROR;
				GCC_WARN_UNDECLARED_SELECTOR = YES;
				GCC_WARN_UNINITIALIZED_AUTOS = YES_AGGRESSIVE;
				GCC_WARN_UNUSED_FUNCTION = YES;
				GCC_WARN_UNUSED_VARIABLE = YES;
				IPHONEOS_DEPLOYMENT_TARGET = 9.3;
				MTL_ENABLE_DEBUG_INFO = NO;
				SDKROOT = iphoneos;
				VALIDATE_PRODUCT = YES;
			};
			name = Release;
		};
		D4FAF3931D01C199002AB781 /* Debug */ = {
			isa = XCBuildConfiguration;
			buildSettings = {
				ASSETCATALOG_COMPILER_APPICON_NAME = AppIcon;
				INFOPLIST_FILE = HabitTracker/Info.plist;
				LD_RUNPATH_SEARCH_PATHS = "$(inherited) @executable_path/Frameworks";
				PRODUCT_BUNDLE_IDENTIFIER = com.detroitlabs.HabitTracker;
				PRODUCT_NAME = "$(TARGET_NAME)";
			};
			name = Debug;
		};
		D4FAF3941D01C199002AB781 /* Release */ = {
			isa = XCBuildConfiguration;
			buildSettings = {
				ASSETCATALOG_COMPILER_APPICON_NAME = AppIcon;
				INFOPLIST_FILE = HabitTracker/Info.plist;
				LD_RUNPATH_SEARCH_PATHS = "$(inherited) @executable_path/Frameworks";
				PRODUCT_BUNDLE_IDENTIFIER = com.detroitlabs.HabitTracker;
				PRODUCT_NAME = "$(TARGET_NAME)";
			};
			name = Release;
		};
/* End XCBuildConfiguration section */

/* Begin XCConfigurationList section */
		D4FAF3761D01C199002AB781 /* Build configuration list for PBXProject "HabitTracker" */ = {
			isa = XCConfigurationList;
			buildConfigurations = (
				D4FAF3901D01C199002AB781 /* Debug */,
				D4FAF3911D01C199002AB781 /* Release */,
			);
			defaultConfigurationIsVisible = 0;
			defaultConfigurationName = Release;
		};
		D4FAF3921D01C199002AB781 /* Build configuration list for PBXNativeTarget "HabitTracker" */ = {
			isa = XCConfigurationList;
			buildConfigurations = (
				D4FAF3931D01C199002AB781 /* Debug */,
				D4FAF3941D01C199002AB781 /* Release */,
			);
			defaultConfigurationIsVisible = 0;
		};
/* End XCConfigurationList section */
	};
	rootObject = D4FAF3731D01C199002AB781 /* Project object */;
}
